Microsoft Visual Studio Solution File, Format Version 12.00
# Visual Studio Version 17
VisualStudioVersion = 17.5.2.0
MinimumVisualStudioVersion = 10.0.40219.1
Project("{FAE04EC0-301F-11D3-BF4B-00C04F79EFBC}") = "Team4FinalProject", "Team4FinalProject.csproj", "{5E806C2F-5123-2CC5-0B1A-425E942C8840}"
EndProject
Global
	GlobalSection(SolutionConfigurationPlatforms) = preSolution
		Debug|Any CPU = Debug|Any CPU
		Release|Any CPU = Release|Any CPU
	EndGlobalSection
	GlobalSection(ProjectConfigurationPlatforms) = postSolution
		{5E806C2F-5123-2CC5-0B1A-425E942C8840}.Debug|Any CPU.ActiveCfg = Debug|Any CPU
		{5E806C2F-5123-2CC5-0B1A-425E942C8840}.Debug|Any CPU.Build.0 = Debug|Any CPU
		{5E806C2F-5123-2CC5-0B1A-425E942C8840}.Release|Any CPU.ActiveCfg = Release|Any CPU
		{5E806C2F-5123-2CC5-0B1A-425E942C8840}.Release|Any CPU.Build.0 = Release|Any CPU
	EndGlobalSection
	GlobalSection(SolutionProperties) = preSolution
		HideSolutionNode = FALSE
	EndGlobalSection
	GlobalSection(ExtensibilityGlobals) = postSolution
		SolutionGuid = {1D5829B0-BD95-4ECD-B2C2-FCE911524840}
	EndGlobalSection
EndGlobal
